// !$*UTF8*$!
{
	archiveVersion = 1;
	classes = {
	};
	objectVersion = 56;
	objects = {

/* Begin PBXBuildFile section */
		3743DD0C2AD0C804005FC9F8 /* CurrencyTracker.swift in Sources */ = {isa = PBXBuildFile; fileRef = 3743DD0B2AD0C804005FC9F8 /* CurrencyTracker.swift */; };
		374D9AC72AA1A06B00A33BA8 /* AeroPlanAppApp.swift in Sources */ = {isa = PBXBuildFile; fileRef = 374D9AC62AA1A06B00A33BA8 /* AeroPlanAppApp.swift */; };
		374D9ACB2AA1A06C00A33BA8 /* Assets.xcassets in Resources */ = {isa = PBXBuildFile; fileRef = 374D9ACA2AA1A06C00A33BA8 /* Assets.xcassets */; };
		374D9ACE2AA1A06C00A33BA8 /* Preview Assets.xcassets in Resources */ = {isa = PBXBuildFile; fileRef = 374D9ACD2AA1A06C00A33BA8 /* Preview Assets.xcassets */; };
		374D9AE12AA27B1C00A33BA8 /* FirebaseAnalytics in Frameworks */ = {isa = PBXBuildFile; productRef = 374D9AE02AA27B1C00A33BA8 /* FirebaseAnalytics */; };
		374D9AE32AA27B1C00A33BA8 /* FirebaseAnalyticsOnDeviceConversion in Frameworks */ = {isa = PBXBuildFile; productRef = 374D9AE22AA27B1C00A33BA8 /* FirebaseAnalyticsOnDeviceConversion */; };
		374D9AE52AA27B1C00A33BA8 /* FirebaseAnalyticsSwift in Frameworks */ = {isa = PBXBuildFile; productRef = 374D9AE42AA27B1C00A33BA8 /* FirebaseAnalyticsSwift */; };
		374D9AE72AA27B1C00A33BA8 /* FirebaseAnalyticsWithoutAdIdSupport in Frameworks */ = {isa = PBXBuildFile; productRef = 374D9AE62AA27B1C00A33BA8 /* FirebaseAnalyticsWithoutAdIdSupport */; };
		374D9AE92AA27B1C00A33BA8 /* FirebaseAppCheck in Frameworks */ = {isa = PBXBuildFile; productRef = 374D9AE82AA27B1C00A33BA8 /* FirebaseAppCheck */; };
		374D9AEB2AA27B1C00A33BA8 /* FirebaseAppDistribution-Beta in Frameworks */ = {isa = PBXBuildFile; productRef = 374D9AEA2AA27B1C00A33BA8 /* FirebaseAppDistribution-Beta */; };
		374D9AED2AA27B1C00A33BA8 /* FirebaseAuth in Frameworks */ = {isa = PBXBuildFile; productRef = 374D9AEC2AA27B1C00A33BA8 /* FirebaseAuth */; };
		374D9AEF2AA27B1C00A33BA8 /* FirebaseAuthCombine-Community in Frameworks */ = {isa = PBXBuildFile; productRef = 374D9AEE2AA27B1C00A33BA8 /* FirebaseAuthCombine-Community */; };
		374D9AF12AA27B1C00A33BA8 /* FirebaseCrashlytics in Frameworks */ = {isa = PBXBuildFile; productRef = 374D9AF02AA27B1C00A33BA8 /* FirebaseCrashlytics */; };
		374D9AF32AA27B1C00A33BA8 /* FirebaseDatabase in Frameworks */ = {isa = PBXBuildFile; productRef = 374D9AF22AA27B1C00A33BA8 /* FirebaseDatabase */; };
		374D9AF52AA27B1C00A33BA8 /* FirebaseDatabaseSwift in Frameworks */ = {isa = PBXBuildFile; productRef = 374D9AF42AA27B1C00A33BA8 /* FirebaseDatabaseSwift */; };
		374D9AF72AA27B1C00A33BA8 /* FirebaseDynamicLinks in Frameworks */ = {isa = PBXBuildFile; productRef = 374D9AF62AA27B1C00A33BA8 /* FirebaseDynamicLinks */; };
		374D9AF92AA27B1C00A33BA8 /* FirebaseFirestore in Frameworks */ = {isa = PBXBuildFile; productRef = 374D9AF82AA27B1C00A33BA8 /* FirebaseFirestore */; };
		374D9AFB2AA27B1C00A33BA8 /* FirebaseFirestoreCombine-Community in Frameworks */ = {isa = PBXBuildFile; productRef = 374D9AFA2AA27B1C00A33BA8 /* FirebaseFirestoreCombine-Community */; };
		374D9AFD2AA27B1C00A33BA8 /* FirebaseFirestoreSwift in Frameworks */ = {isa = PBXBuildFile; productRef = 374D9AFC2AA27B1C00A33BA8 /* FirebaseFirestoreSwift */; };
		374D9AFF2AA27B1C00A33BA8 /* FirebaseFunctions in Frameworks */ = {isa = PBXBuildFile; productRef = 374D9AFE2AA27B1C00A33BA8 /* FirebaseFunctions */; };
		374D9B012AA27B1C00A33BA8 /* FirebaseFunctionsCombine-Community in Frameworks */ = {isa = PBXBuildFile; productRef = 374D9B002AA27B1C00A33BA8 /* FirebaseFunctionsCombine-Community */; };
		374D9B032AA27B1C00A33BA8 /* FirebaseInAppMessaging-Beta in Frameworks */ = {isa = PBXBuildFile; productRef = 374D9B022AA27B1C00A33BA8 /* FirebaseInAppMessaging-Beta */; };
		374D9B052AA27B1C00A33BA8 /* FirebaseInAppMessagingSwift-Beta in Frameworks */ = {isa = PBXBuildFile; productRef = 374D9B042AA27B1C00A33BA8 /* FirebaseInAppMessagingSwift-Beta */; };
		374D9B072AA27B1C00A33BA8 /* FirebaseInstallations in Frameworks */ = {isa = PBXBuildFile; productRef = 374D9B062AA27B1C00A33BA8 /* FirebaseInstallations */; };
		374D9B092AA27B1C00A33BA8 /* FirebaseMLModelDownloader in Frameworks */ = {isa = PBXBuildFile; productRef = 374D9B082AA27B1C00A33BA8 /* FirebaseMLModelDownloader */; };
		374D9B0B2AA27B1C00A33BA8 /* FirebaseMessaging in Frameworks */ = {isa = PBXBuildFile; productRef = 374D9B0A2AA27B1C00A33BA8 /* FirebaseMessaging */; };
		374D9B0D2AA27B1C00A33BA8 /* FirebasePerformance in Frameworks */ = {isa = PBXBuildFile; productRef = 374D9B0C2AA27B1C00A33BA8 /* FirebasePerformance */; };
		374D9B0F2AA27B1C00A33BA8 /* FirebaseRemoteConfig in Frameworks */ = {isa = PBXBuildFile; productRef = 374D9B0E2AA27B1C00A33BA8 /* FirebaseRemoteConfig */; };
		374D9B112AA27B1C00A33BA8 /* FirebaseRemoteConfigSwift in Frameworks */ = {isa = PBXBuildFile; productRef = 374D9B102AA27B1C00A33BA8 /* FirebaseRemoteConfigSwift */; };
		374D9B132AA27B1C00A33BA8 /* FirebaseStorage in Frameworks */ = {isa = PBXBuildFile; productRef = 374D9B122AA27B1C00A33BA8 /* FirebaseStorage */; };
		374D9B152AA27B1C00A33BA8 /* FirebaseStorageCombine-Community in Frameworks */ = {isa = PBXBuildFile; productRef = 374D9B142AA27B1C00A33BA8 /* FirebaseStorageCombine-Community */; };
		374D9B1B2AA27E1300A33BA8 /* ContentView.swift in Sources */ = {isa = PBXBuildFile; fileRef = 374D9B1A2AA27E1300A33BA8 /* ContentView.swift */; };
		374D9B1D2AA27E5000A33BA8 /* HomeView.swift in Sources */ = {isa = PBXBuildFile; fileRef = 374D9B1C2AA27E5000A33BA8 /* HomeView.swift */; };
		374D9B1F2AA27E8D00A33BA8 /* GroundView.swift in Sources */ = {isa = PBXBuildFile; fileRef = 374D9B1E2AA27E8C00A33BA8 /* GroundView.swift */; };
		374D9B212AA27E9400A33BA8 /* ProfileView.swift in Sources */ = {isa = PBXBuildFile; fileRef = 374D9B202AA27E9400A33BA8 /* ProfileView.swift */; };
		374D9B232AA27E9800A33BA8 /* AirView.swift in Sources */ = {isa = PBXBuildFile; fileRef = 374D9B222AA27E9800A33BA8 /* AirView.swift */; };
		374D9B252AA27F1600A33BA8 /* ListView.swift in Sources */ = {isa = PBXBuildFile; fileRef = 374D9B242AA27F1600A33BA8 /* ListView.swift */; };
		374D9B272AA27F1A00A33BA8 /* NewPilotView.swift in Sources */ = {isa = PBXBuildFile; fileRef = 374D9B262AA27F1A00A33BA8 /* NewPilotView.swift */; };
		37C194C72AB398F100D2A92E /* PersonalMinimumsView.swift in Sources */ = {isa = PBXBuildFile; fileRef = 37C194C62AB398F100D2A92E /* PersonalMinimumsView.swift */; };
		37C194E42AB6BA7800D2A92E /* METAR Decoder Test.swift in Sources */ = {isa = PBXBuildFile; fileRef = 37C194E32AB6BA7800D2A92E /* METAR Decoder Test.swift */; };
		37C194E62AB6C90100D2A92E /* ExistingConditionsView.swift in Sources */ = {isa = PBXBuildFile; fileRef = 37C194E52AB6C90100D2A92E /* ExistingConditionsView.swift */; };
		37CC82062AA4340D003D1E09 /* Pilot.swift in Sources */ = {isa = PBXBuildFile; fileRef = 37CC82052AA4340D003D1E09 /* Pilot.swift */; };
		37CC82082AA4341D003D1E09 /* DataManager.swift in Sources */ = {isa = PBXBuildFile; fileRef = 37CC82072AA4341D003D1E09 /* DataManager.swift */; };
		37CC820A2AA4342A003D1E09 /* GoogleService-Info.plist in Resources */ = {isa = PBXBuildFile; fileRef = 37CC82092AA4342A003D1E09 /* GoogleService-Info.plist */; };
		37CC820C2AA43471003D1E09 /* AppMode.swift in Sources */ = {isa = PBXBuildFile; fileRef = 37CC820B2AA43470003D1E09 /* AppMode.swift */; };
/* End PBXBuildFile section */

/* Begin PBXFileReference section */
		3743DD0B2AD0C804005FC9F8 /* CurrencyTracker.swift */ = {isa = PBXFileReference; lastKnownFileType = sourcecode.swift; path = CurrencyTracker.swift; sourceTree = "<group>"; };
		374D9AC32AA1A06B00A33BA8 /* AeroPlanApp.app */ = {isa = PBXFileReference; explicitFileType = wrapper.application; includeInIndex = 0; path = AeroPlanApp.app; sourceTree = BUILT_PRODUCTS_DIR; };
		374D9AC62AA1A06B00A33BA8 /* AeroPlanAppApp.swift */ = {isa = PBXFileReference; lastKnownFileType = sourcecode.swift; path = AeroPlanAppApp.swift; sourceTree = "<group>"; };
		374D9ACA2AA1A06C00A33BA8 /* Assets.xcassets */ = {isa = PBXFileReference; lastKnownFileType = folder.assetcatalog; path = Assets.xcassets; sourceTree = "<group>"; };
		374D9ACD2AA1A06C00A33BA8 /* Preview Assets.xcassets */ = {isa = PBXFileReference; lastKnownFileType = folder.assetcatalog; path = "Preview Assets.xcassets"; sourceTree = "<group>"; };
		374D9B1A2AA27E1300A33BA8 /* ContentView.swift */ = {isa = PBXFileReference; fileEncoding = 4; lastKnownFileType = sourcecode.swift; path = ContentView.swift; sourceTree = "<group>"; };
		374D9B1C2AA27E5000A33BA8 /* HomeView.swift */ = {isa = PBXFileReference; fileEncoding = 4; lastKnownFileType = sourcecode.swift; path = HomeView.swift; sourceTree = "<group>"; };
		374D9B1E2AA27E8C00A33BA8 /* GroundView.swift */ = {isa = PBXFileReference; fileEncoding = 4; lastKnownFileType = sourcecode.swift; path = GroundView.swift; sourceTree = "<group>"; };
		374D9B202AA27E9400A33BA8 /* ProfileView.swift */ = {isa = PBXFileReference; fileEncoding = 4; lastKnownFileType = sourcecode.swift; path = ProfileView.swift; sourceTree = "<group>"; };
		374D9B222AA27E9800A33BA8 /* AirView.swift */ = {isa = PBXFileReference; fileEncoding = 4; lastKnownFileType = sourcecode.swift; path = AirView.swift; sourceTree = "<group>"; };
		374D9B242AA27F1600A33BA8 /* ListView.swift */ = {isa = PBXFileReference; fileEncoding = 4; lastKnownFileType = sourcecode.swift; path = ListView.swift; sourceTree = "<group>"; };
		374D9B262AA27F1A00A33BA8 /* NewPilotView.swift */ = {isa = PBXFileReference; fileEncoding = 4; lastKnownFileType = sourcecode.swift; path = NewPilotView.swift; sourceTree = "<group>"; };
		37C194C62AB398F100D2A92E /* PersonalMinimumsView.swift */ = {isa = PBXFileReference; lastKnownFileType = sourcecode.swift; path = PersonalMinimumsView.swift; sourceTree = "<group>"; };
		37C194E32AB6BA7800D2A92E /* METAR Decoder Test.swift */ = {isa = PBXFileReference; lastKnownFileType = sourcecode.swift; path = "METAR Decoder Test.swift"; sourceTree = "<group>"; };
		37C194E52AB6C90100D2A92E /* ExistingConditionsView.swift */ = {isa = PBXFileReference; lastKnownFileType = sourcecode.swift; path = ExistingConditionsView.swift; sourceTree = "<group>"; };
		37CC82052AA4340D003D1E09 /* Pilot.swift */ = {isa = PBXFileReference; fileEncoding = 4; lastKnownFileType = sourcecode.swift; path = Pilot.swift; sourceTree = "<group>"; };
		37CC82072AA4341D003D1E09 /* DataManager.swift */ = {isa = PBXFileReference; fileEncoding = 4; lastKnownFileType = sourcecode.swift; path = DataManager.swift; sourceTree = "<group>"; };
		37CC82092AA4342A003D1E09 /* GoogleService-Info.plist */ = {isa = PBXFileReference; fileEncoding = 4; lastKnownFileType = text.plist.xml; path = "GoogleService-Info.plist"; sourceTree = "<group>"; };
		37CC820B2AA43470003D1E09 /* AppMode.swift */ = {isa = PBXFileReference; fileEncoding = 4; lastKnownFileType = sourcecode.swift; path = AppMode.swift; sourceTree = "<group>"; };
/* End PBXFileReference section */

/* Begin PBXFrameworksBuildPhase section */
		374D9AC02AA1A06B00A33BA8 /* Frameworks */ = {
			isa = PBXFrameworksBuildPhase;
			buildActionMask = 2147483647;
			files = (
				374D9AF32AA27B1C00A33BA8 /* FirebaseDatabase in Frameworks */,
				374D9B012AA27B1C00A33BA8 /* FirebaseFunctionsCombine-Community in Frameworks */,
				374D9AF92AA27B1C00A33BA8 /* FirebaseFirestore in Frameworks */,
				374D9AE52AA27B1C00A33BA8 /* FirebaseAnalyticsSwift in Frameworks */,
				374D9AE12AA27B1C00A33BA8 /* FirebaseAnalytics in Frameworks */,
				374D9AE32AA27B1C00A33BA8 /* FirebaseAnalyticsOnDeviceConversion in Frameworks */,
				374D9B092AA27B1C00A33BA8 /* FirebaseMLModelDownloader in Frameworks */,
				374D9AFD2AA27B1C00A33BA8 /* FirebaseFirestoreSwift in Frameworks */,
				374D9AE92AA27B1C00A33BA8 /* FirebaseAppCheck in Frameworks */,
				374D9AE72AA27B1C00A33BA8 /* FirebaseAnalyticsWithoutAdIdSupport in Frameworks */,
				374D9AED2AA27B1C00A33BA8 /* FirebaseAuth in Frameworks */,
				374D9AF12AA27B1C00A33BA8 /* FirebaseCrashlytics in Frameworks */,
				374D9B112AA27B1C00A33BA8 /* FirebaseRemoteConfigSwift in Frameworks */,
				374D9B032AA27B1C00A33BA8 /* FirebaseInAppMessaging-Beta in Frameworks */,
				374D9AF52AA27B1C00A33BA8 /* FirebaseDatabaseSwift in Frameworks */,
				374D9AFF2AA27B1C00A33BA8 /* FirebaseFunctions in Frameworks */,
				374D9B152AA27B1C00A33BA8 /* FirebaseStorageCombine-Community in Frameworks */,
				374D9B0F2AA27B1C00A33BA8 /* FirebaseRemoteConfig in Frameworks */,
				374D9AEB2AA27B1C00A33BA8 /* FirebaseAppDistribution-Beta in Frameworks */,
				374D9AEF2AA27B1C00A33BA8 /* FirebaseAuthCombine-Community in Frameworks */,
				374D9B0D2AA27B1C00A33BA8 /* FirebasePerformance in Frameworks */,
				374D9B052AA27B1C00A33BA8 /* FirebaseInAppMessagingSwift-Beta in Frameworks */,
				374D9B132AA27B1C00A33BA8 /* FirebaseStorage in Frameworks */,
				374D9AF72AA27B1C00A33BA8 /* FirebaseDynamicLinks in Frameworks */,
				374D9AFB2AA27B1C00A33BA8 /* FirebaseFirestoreCombine-Community in Frameworks */,
				374D9B0B2AA27B1C00A33BA8 /* FirebaseMessaging in Frameworks */,
				374D9B072AA27B1C00A33BA8 /* FirebaseInstallations in Frameworks */,
			);
			runOnlyForDeploymentPostprocessing = 0;
		};
/* End PBXFrameworksBuildPhase section */

/* Begin PBXGroup section */
		374D9ABA2AA1A06B00A33BA8 = {
			isa = PBXGroup;
			children = (
				374D9AC52AA1A06B00A33BA8 /* AeroPlanApp */,
				374D9AC42AA1A06B00A33BA8 /* Products */,
			);
			sourceTree = "<group>";
		};
		374D9AC42AA1A06B00A33BA8 /* Products */ = {
			isa = PBXGroup;
			children = (
				374D9AC32AA1A06B00A33BA8 /* AeroPlanApp.app */,
			);
			name = Products;
			sourceTree = "<group>";
		};
		374D9AC52AA1A06B00A33BA8 /* AeroPlanApp */ = {
			isa = PBXGroup;
			children = (
				37CC82092AA4342A003D1E09 /* GoogleService-Info.plist */,
				374D9AC62AA1A06B00A33BA8 /* AeroPlanAppApp.swift */,
				37CC820B2AA43470003D1E09 /* AppMode.swift */,
				374D9B1A2AA27E1300A33BA8 /* ContentView.swift */,
				374D9B242AA27F1600A33BA8 /* ListView.swift */,
				374D9B262AA27F1A00A33BA8 /* NewPilotView.swift */,
				37CC82072AA4341D003D1E09 /* DataManager.swift */,
				37CC82052AA4340D003D1E09 /* Pilot.swift */,
				374D9B1C2AA27E5000A33BA8 /* HomeView.swift */,
				374D9B222AA27E9800A33BA8 /* AirView.swift */,
				37C194C62AB398F100D2A92E /* PersonalMinimumsView.swift */,
				37C194E52AB6C90100D2A92E /* ExistingConditionsView.swift */,
				37C194E32AB6BA7800D2A92E /* METAR Decoder Test.swift */,
				3743DD0B2AD0C804005FC9F8 /* CurrencyTracker.swift */,
				374D9B1E2AA27E8C00A33BA8 /* GroundView.swift */,
				374D9B202AA27E9400A33BA8 /* ProfileView.swift */,
				374D9ACA2AA1A06C00A33BA8 /* Assets.xcassets */,
				374D9ACC2AA1A06C00A33BA8 /* Preview Content */,
			);
			path = AeroPlanApp;
			sourceTree = "<group>";
		};
		374D9ACC2AA1A06C00A33BA8 /* Preview Content */ = {
			isa = PBXGroup;
			children = (
				374D9ACD2AA1A06C00A33BA8 /* Preview Assets.xcassets */,
			);
			path = "Preview Content";
			sourceTree = "<group>";
		};
/* End PBXGroup section */

/* Begin PBXNativeTarget section */
		374D9AC22AA1A06B00A33BA8 /* AeroPlanApp */ = {
			isa = PBXNativeTarget;
			buildConfigurationList = 374D9AD12AA1A06C00A33BA8 /* Build configuration list for PBXNativeTarget "AeroPlanApp" */;
			buildPhases = (
				374D9ABF2AA1A06B00A33BA8 /* Sources */,
				374D9AC02AA1A06B00A33BA8 /* Frameworks */,
				374D9AC12AA1A06B00A33BA8 /* Resources */,
			);
			buildRules = (
			);
			dependencies = (
			);
			name = AeroPlanApp;
			packageProductDependencies = (
				374D9AE02AA27B1C00A33BA8 /* FirebaseAnalytics */,
				374D9AE22AA27B1C00A33BA8 /* FirebaseAnalyticsOnDeviceConversion */,
				374D9AE42AA27B1C00A33BA8 /* FirebaseAnalyticsSwift */,
				374D9AE62AA27B1C00A33BA8 /* FirebaseAnalyticsWithoutAdIdSupport */,
				374D9AE82AA27B1C00A33BA8 /* FirebaseAppCheck */,
				374D9AEA2AA27B1C00A33BA8 /* FirebaseAppDistribution-Beta */,
				374D9AEC2AA27B1C00A33BA8 /* FirebaseAuth */,
				374D9AEE2AA27B1C00A33BA8 /* FirebaseAuthCombine-Community */,
				374D9AF02AA27B1C00A33BA8 /* FirebaseCrashlytics */,
				374D9AF22AA27B1C00A33BA8 /* FirebaseDatabase */,
				374D9AF42AA27B1C00A33BA8 /* FirebaseDatabaseSwift */,
				374D9AF62AA27B1C00A33BA8 /* FirebaseDynamicLinks */,
				374D9AF82AA27B1C00A33BA8 /* FirebaseFirestore */,
				374D9AFA2AA27B1C00A33BA8 /* FirebaseFirestoreCombine-Community */,
				374D9AFC2AA27B1C00A33BA8 /* FirebaseFirestoreSwift */,
				374D9AFE2AA27B1C00A33BA8 /* FirebaseFunctions */,
				374D9B002AA27B1C00A33BA8 /* FirebaseFunctionsCombine-Community */,
				374D9B022AA27B1C00A33BA8 /* FirebaseInAppMessaging-Beta */,
				374D9B042AA27B1C00A33BA8 /* FirebaseInAppMessagingSwift-Beta */,
				374D9B062AA27B1C00A33BA8 /* FirebaseInstallations */,
				374D9B082AA27B1C00A33BA8 /* FirebaseMLModelDownloader */,
				374D9B0A2AA27B1C00A33BA8 /* FirebaseMessaging */,
				374D9B0C2AA27B1C00A33BA8 /* FirebasePerformance */,
				374D9B0E2AA27B1C00A33BA8 /* FirebaseRemoteConfig */,
				374D9B102AA27B1C00A33BA8 /* FirebaseRemoteConfigSwift */,
				374D9B122AA27B1C00A33BA8 /* FirebaseStorage */,
				374D9B142AA27B1C00A33BA8 /* FirebaseStorageCombine-Community */,
			);
			productName = AeroPlanApp;
			productReference = 374D9AC32AA1A06B00A33BA8 /* AeroPlanApp.app */;
			productType = "com.apple.product-type.application";
		};
/* End PBXNativeTarget section */

/* Begin PBXProject section */
		374D9ABB2AA1A06B00A33BA8 /* Project object */ = {
			isa = PBXProject;
			attributes = {
				BuildIndependentTargetsInParallel = 1;
				LastSwiftUpdateCheck = 1430;
				LastUpgradeCheck = 1430;
				TargetAttributes = {
					374D9AC22AA1A06B00A33BA8 = {
						CreatedOnToolsVersion = 14.3;
					};
				};
			};
			buildConfigurationList = 374D9ABE2AA1A06B00A33BA8 /* Build configuration list for PBXProject "AeroPlanApp" */;
			compatibilityVersion = "Xcode 14.0";
			developmentRegion = en;
			hasScannedForEncodings = 0;
			knownRegions = (
				en,
				Base,
			);
			mainGroup = 374D9ABA2AA1A06B00A33BA8;
			packageReferences = (
				374D9ADF2AA27B1C00A33BA8 /* XCRemoteSwiftPackageReference "firebase-ios-sdk" */,
			);
			productRefGroup = 374D9AC42AA1A06B00A33BA8 /* Products */;
			projectDirPath = "";
			projectRoot = "";
			targets = (
				374D9AC22AA1A06B00A33BA8 /* AeroPlanApp */,
			);
		};
/* End PBXProject section */

/* Begin PBXResourcesBuildPhase section */
		374D9AC12AA1A06B00A33BA8 /* Resources */ = {
			isa = PBXResourcesBuildPhase;
			buildActionMask = 2147483647;
			files = (
				374D9ACE2AA1A06C00A33BA8 /* Preview Assets.xcassets in Resources */,
				374D9ACB2AA1A06C00A33BA8 /* Assets.xcassets in Resources */,
				37CC820A2AA4342A003D1E09 /* GoogleService-Info.plist in Resources */,
			);
			runOnlyForDeploymentPostprocessing = 0;
		};
/* End PBXResourcesBuildPhase section */

/* Begin PBXSourcesBuildPhase section */
		374D9ABF2AA1A06B00A33BA8 /* Sources */ = {
			isa = PBXSourcesBuildPhase;
			buildActionMask = 2147483647;
			files = (
				374D9B272AA27F1A00A33BA8 /* NewPilotView.swift in Sources */,
				374D9B212AA27E9400A33BA8 /* ProfileView.swift in Sources */,
				37CC820C2AA43471003D1E09 /* AppMode.swift in Sources */,
				374D9B252AA27F1600A33BA8 /* ListView.swift in Sources */,
				37C194C72AB398F100D2A92E /* PersonalMinimumsView.swift in Sources */,
				374D9B1B2AA27E1300A33BA8 /* ContentView.swift in Sources */,
				3743DD0C2AD0C804005FC9F8 /* CurrencyTracker.swift in Sources */,
				374D9B1F2AA27E8D00A33BA8 /* GroundView.swift in Sources */,
				37CC82062AA4340D003D1E09 /* Pilot.swift in Sources */,
				374D9B1D2AA27E5000A33BA8 /* HomeView.swift in Sources */,
				37CC82082AA4341D003D1E09 /* DataManager.swift in Sources */,
				374D9AC72AA1A06B00A33BA8 /* AeroPlanAppApp.swift in Sources */,
				374D9B232AA27E9800A33BA8 /* AirView.swift in Sources */,
				37C194E62AB6C90100D2A92E /* ExistingConditionsView.swift in Sources */,
				37C194E42AB6BA7800D2A92E /* METAR Decoder Test.swift in Sources */,
			);
			runOnlyForDeploymentPostprocessing = 0;
		};
/* End PBXSourcesBuildPhase section */

/* Begin XCBuildConfiguration section */
		374D9ACF2AA1A06C00A33BA8 /* Debug */ = {
			isa = XCBuildConfiguration;
			buildSettings = {
				ALWAYS_SEARCH_USER_PATHS = NO;
				CLANG_ANALYZER_NONNULL = YES;
				CLANG_ANALYZER_NUMBER_OBJECT_CONVERSION = YES_AGGRESSIVE;
				CLANG_CXX_LANGUAGE_STANDARD = "gnu++20";
				CLANG_ENABLE_MODULES = YES;
				CLANG_ENABLE_OBJC_ARC = YES;
				CLANG_ENABLE_OBJC_WEAK = YES;
				CLANG_WARN_BLOCK_CAPTURE_AUTORELEASING = YES;
				CLANG_WARN_BOOL_CONVERSION = YES;
				CLANG_WARN_COMMA = YES;
				CLANG_WARN_CONSTANT_CONVERSION = YES;
				CLANG_WARN_DEPRECATED_OBJC_IMPLEMENTATIONS = YES;
				CLANG_WARN_DIRECT_OBJC_ISA_USAGE = YES_ERROR;
				CLANG_WARN_DOCUMENTATION_COMMENTS = YES;
				CLANG_WARN_EMPTY_BODY = YES;
				CLANG_WARN_ENUM_CONVERSION = YES;
				CLANG_WARN_INFINITE_RECURSION = YES;
				CLANG_WARN_INT_CONVERSION = YES;
				CLANG_WARN_NON_LITERAL_NULL_CONVERSION = YES;
				CLANG_WARN_OBJC_IMPLICIT_RETAIN_SELF = YES;
				CLANG_WARN_OBJC_LITERAL_CONVERSION = YES;
				CLANG_WARN_OBJC_ROOT_CLASS = YES_ERROR;
				CLANG_WARN_QUOTED_INCLUDE_IN_FRAMEWORK_HEADER = YES;
				CLANG_WARN_RANGE_LOOP_ANALYSIS = YES;
				CLANG_WARN_STRICT_PROTOTYPES = YES;
				CLANG_WARN_SUSPICIOUS_MOVE = YES;
				CLANG_WARN_UNGUARDED_AVAILABILITY = YES_AGGRESSIVE;
				CLANG_WARN_UNREACHABLE_CODE = YES;
				CLANG_WARN__DUPLICATE_METHOD_MATCH = YES;
				COPY_PHASE_STRIP = NO;
				DEBUG_INFORMATION_FORMAT = dwarf;
				ENABLE_STRICT_OBJC_MSGSEND = YES;
				ENABLE_TESTABILITY = YES;
				GCC_C_LANGUAGE_STANDARD = gnu11;
				GCC_DYNAMIC_NO_PIC = NO;
				GCC_NO_COMMON_BLOCKS = YES;
				GCC_OPTIMIZATION_LEVEL = 0;
				GCC_PREPROCESSOR_DEFINITIONS = (
					"DEBUG=1",
					"$(inherited)",
				);
				GCC_WARN_64_TO_32_BIT_CONVERSION = YES;
				GCC_WARN_ABOUT_RETURN_TYPE = YES_ERROR;
				GCC_WARN_UNDECLARED_SELECTOR = YES;
				GCC_WARN_UNINITIALIZED_AUTOS = YES_AGGRESSIVE;
				GCC_WARN_UNUSED_FUNCTION = YES;
				GCC_WARN_UNUSED_VARIABLE = YES;
				IPHONEOS_DEPLOYMENT_TARGET = 16.4;
				MTL_ENABLE_DEBUG_INFO = INCLUDE_SOURCE;
				MTL_FAST_MATH = YES;
				ONLY_ACTIVE_ARCH = YES;
				SDKROOT = iphoneos;
				SWIFT_ACTIVE_COMPILATION_CONDITIONS = DEBUG;
				SWIFT_OPTIMIZATION_LEVEL = "-Onone";
			};
			name = Debug;
		};
		374D9AD02AA1A06C00A33BA8 /* Release */ = {
			isa = XCBuildConfiguration;
			buildSettings = {
				ALWAYS_SEARCH_USER_PATHS = NO;
				CLANG_ANALYZER_NONNULL = YES;
				CLANG_ANALYZER_NUMBER_OBJECT_CONVERSION = YES_AGGRESSIVE;
				CLANG_CXX_LANGUAGE_STANDARD = "gnu++20";
				CLANG_ENABLE_MODULES = YES;
				CLANG_ENABLE_OBJC_ARC = YES;
				CLANG_ENABLE_OBJC_WEAK = YES;
				CLANG_WARN_BLOCK_CAPTURE_AUTORELEASING = YES;
				CLANG_WARN_BOOL_CONVERSION = YES;
				CLANG_WARN_COMMA = YES;
				CLANG_WARN_CONSTANT_CONVERSION = YES;
				CLANG_WARN_DEPRECATED_OBJC_IMPLEMENTATIONS = YES;
				CLANG_WARN_DIRECT_OBJC_ISA_USAGE = YES_ERROR;
				CLANG_WARN_DOCUMENTATION_COMMENTS = YES;
				CLANG_WARN_EMPTY_BODY = YES;
				CLANG_WARN_ENUM_CONVERSION = YES;
				CLANG_WARN_INFINITE_RECURSION = YES;
				CLANG_WARN_INT_CONVERSION = YES;
				CLANG_WARN_NON_LITERAL_NULL_CONVERSION = YES;
				CLANG_WARN_OBJC_IMPLICIT_RETAIN_SELF = YES;
				CLANG_WARN_OBJC_LITERAL_CONVERSION = YES;
				CLANG_WARN_OBJC_ROOT_CLASS = YES_ERROR;
				CLANG_WARN_QUOTED_INCLUDE_IN_FRAMEWORK_HEADER = YES;
				CLANG_WARN_RANGE_LOOP_ANALYSIS = YES;
				CLANG_WARN_STRICT_PROTOTYPES = YES;
				CLANG_WARN_SUSPICIOUS_MOVE = YES;
				CLANG_WARN_UNGUARDED_AVAILABILITY = YES_AGGRESSIVE;
				CLANG_WARN_UNREACHABLE_CODE = YES;
				CLANG_WARN__DUPLICATE_METHOD_MATCH = YES;
				COPY_PHASE_STRIP = NO;
				DEBUG_INFORMATION_FORMAT = "dwarf-with-dsym";
				ENABLE_NS_ASSERTIONS = NO;
				ENABLE_STRICT_OBJC_MSGSEND = YES;
				GCC_C_LANGUAGE_STANDARD = gnu11;
				GCC_NO_COMMON_BLOCKS = YES;
				GCC_WARN_64_TO_32_BIT_CONVERSION = YES;
				GCC_WARN_ABOUT_RETURN_TYPE = YES_ERROR;
				GCC_WARN_UNDECLARED_SELECTOR = YES;
				GCC_WARN_UNINITIALIZED_AUTOS = YES_AGGRESSIVE;
				GCC_WARN_UNUSED_FUNCTION = YES;
				GCC_WARN_UNUSED_VARIABLE = YES;
				IPHONEOS_DEPLOYMENT_TARGET = 16.4;
				MTL_ENABLE_DEBUG_INFO = NO;
				MTL_FAST_MATH = YES;
				SDKROOT = iphoneos;
				SWIFT_COMPILATION_MODE = wholemodule;
				SWIFT_OPTIMIZATION_LEVEL = "-O";
				VALIDATE_PRODUCT = YES;
			};
			name = Release;
		};
		374D9AD22AA1A06C00A33BA8 /* Debug */ = {
			isa = XCBuildConfiguration;
			buildSettings = {
				ASSETCATALOG_COMPILER_APPICON_NAME = AppIcon;
				ASSETCATALOG_COMPILER_GLOBAL_ACCENT_COLOR_NAME = AccentColor;
				CODE_SIGN_STYLE = Automatic;
				CURRENT_PROJECT_VERSION = 1;
				DEVELOPMENT_ASSET_PATHS = "\"AeroPlanApp/Preview Content\"";
				DEVELOPMENT_TEAM = G9566MW89P;
				ENABLE_PREVIEWS = YES;
				GENERATE_INFOPLIST_FILE = YES;
				INFOPLIST_KEY_UIApplicationSceneManifest_Generation = YES;
				INFOPLIST_KEY_UIApplicationSupportsIndirectInputEvents = YES;
				INFOPLIST_KEY_UILaunchScreen_Generation = YES;
				INFOPLIST_KEY_UISupportedInterfaceOrientations_iPad = "UIInterfaceOrientationPortrait UIInterfaceOrientationPortraitUpsideDown UIInterfaceOrientationLandscapeLeft UIInterfaceOrientationLandscapeRight";
				INFOPLIST_KEY_UISupportedInterfaceOrientations_iPhone = "UIInterfaceOrientationPortrait UIInterfaceOrientationLandscapeLeft UIInterfaceOrientationLandscapeRight";
				LD_RUNPATH_SEARCH_PATHS = (
					"$(inherited)",
					"@executable_path/Frameworks",
				);
				MARKETING_VERSION = 1.0;
				PRODUCT_BUNDLE_IDENTIFIER = com.nicolasg.AeroPlanApp;
				PRODUCT_NAME = "$(TARGET_NAME)";
				SWIFT_EMIT_LOC_STRINGS = YES;
				SWIFT_VERSION = 5.0;
				TARGETED_DEVICE_FAMILY = "1,2";
			};
			name = Debug;
		};
		374D9AD32AA1A06C00A33BA8 /* Release */ = {
			isa = XCBuildConfiguration;
			buildSettings = {
				ASSETCATALOG_COMPILER_APPICON_NAME = AppIcon;
				ASSETCATALOG_COMPILER_GLOBAL_ACCENT_COLOR_NAME = AccentColor;
				CODE_SIGN_STYLE = Automatic;
				CURRENT_PROJECT_VERSION = 1;
				DEVELOPMENT_ASSET_PATHS = "\"AeroPlanApp/Preview Content\"";
				DEVELOPMENT_TEAM = G9566MW89P;
				ENABLE_PREVIEWS = YES;
				GENERATE_INFOPLIST_FILE = YES;
				INFOPLIST_KEY_UIApplicationSceneManifest_Generation = YES;
				INFOPLIST_KEY_UIApplicationSupportsIndirectInputEvents = YES;
				INFOPLIST_KEY_UILaunchScreen_Generation = YES;
				INFOPLIST_KEY_UISupportedInterfaceOrientations_iPad = "UIInterfaceOrientationPortrait UIInterfaceOrientationPortraitUpsideDown UIInterfaceOrientationLandscapeLeft UIInterfaceOrientationLandscapeRight";
				INFOPLIST_KEY_UISupportedInterfaceOrientations_iPhone = "UIInterfaceOrientationPortrait UIInterfaceOrientationLandscapeLeft UIInterfaceOrientationLandscapeRight";
				LD_RUNPATH_SEARCH_PATHS = (
					"$(inherited)",
					"@executable_path/Frameworks",
				);
				MARKETING_VERSION = 1.0;
				PRODUCT_BUNDLE_IDENTIFIER = com.nicolasg.AeroPlanApp;
				PRODUCT_NAME = "$(TARGET_NAME)";
				SWIFT_EMIT_LOC_STRINGS = YES;
				SWIFT_VERSION = 5.0;
				TARGETED_DEVICE_FAMILY = "1,2";
			};
			name = Release;
		};
/* End XCBuildConfiguration section */

/* Begin XCConfigurationList section */
		374D9ABE2AA1A06B00A33BA8 /* Build configuration list for PBXProject "AeroPlanApp" */ = {
			isa = XCConfigurationList;
			buildConfigurations = (
				374D9ACF2AA1A06C00A33BA8 /* Debug */,
				374D9AD02AA1A06C00A33BA8 /* Release */,
			);
			defaultConfigurationIsVisible = 0;
			defaultConfigurationName = Release;
		};
		374D9AD12AA1A06C00A33BA8 /* Build configuration list for PBXNativeTarget "AeroPlanApp" */ = {
			isa = XCConfigurationList;
			buildConfigurations = (
				374D9AD22AA1A06C00A33BA8 /* Debug */,
				374D9AD32AA1A06C00A33BA8 /* Release */,
			);
			defaultConfigurationIsVisible = 0;
			defaultConfigurationName = Release;
		};
/* End XCConfigurationList section */

/* Begin XCRemoteSwiftPackageReference section */
		374D9ADF2AA27B1C00A33BA8 /* XCRemoteSwiftPackageReference "firebase-ios-sdk" */ = {
			isa = XCRemoteSwiftPackageReference;
			repositoryURL = "https://github.com/firebase/firebase-ios-sdk";
			requirement = {
				kind = upToNextMajorVersion;
				minimumVersion = 10.0.0;
			};
		};
/* End XCRemoteSwiftPackageReference section */

/* Begin XCSwiftPackageProductDependency section */
		374D9AE02AA27B1C00A33BA8 /* FirebaseAnalytics */ = {
			isa = XCSwiftPackageProductDependency;
			package = 374D9ADF2AA27B1C00A33BA8 /* XCRemoteSwiftPackageReference "firebase-ios-sdk" */;
			productName = FirebaseAnalytics;
		};
		374D9AE22AA27B1C00A33BA8 /* FirebaseAnalyticsOnDeviceConversion */ = {
			isa = XCSwiftPackageProductDependency;
			package = 374D9ADF2AA27B1C00A33BA8 /* XCRemoteSwiftPackageReference "firebase-ios-sdk" */;
			productName = FirebaseAnalyticsOnDeviceConversion;
		};
		374D9AE42AA27B1C00A33BA8 /* FirebaseAnalyticsSwift */ = {
			isa = XCSwiftPackageProductDependency;
			package = 374D9ADF2AA27B1C00A33BA8 /* XCRemoteSwiftPackageReference "firebase-ios-sdk" */;
			productName = FirebaseAnalyticsSwift;
		};
		374D9AE62AA27B1C00A33BA8 /* FirebaseAnalyticsWithoutAdIdSupport */ = {
			isa = XCSwiftPackageProductDependency;
			package = 374D9ADF2AA27B1C00A33BA8 /* XCRemoteSwiftPackageReference "firebase-ios-sdk" */;
			productName = FirebaseAnalyticsWithoutAdIdSupport;
		};
		374D9AE82AA27B1C00A33BA8 /* FirebaseAppCheck */ = {
			isa = XCSwiftPackageProductDependency;
			package = 374D9ADF2AA27B1C00A33BA8 /* XCRemoteSwiftPackageReference "firebase-ios-sdk" */;
			productName = FirebaseAppCheck;
		};
		374D9AEA2AA27B1C00A33BA8 /* FirebaseAppDistribution-Beta */ = {
			isa = XCSwiftPackageProductDependency;
			package = 374D9ADF2AA27B1C00A33BA8 /* XCRemoteSwiftPackageReference "firebase-ios-sdk" */;
			productName = "FirebaseAppDistribution-Beta";
		};
		374D9AEC2AA27B1C00A33BA8 /* FirebaseAuth */ = {
			isa = XCSwiftPackageProductDependency;
			package = 374D9ADF2AA27B1C00A33BA8 /* XCRemoteSwiftPackageReference "firebase-ios-sdk" */;
			productName = FirebaseAuth;
		};
		374D9AEE2AA27B1C00A33BA8 /* FirebaseAuthCombine-Community */ = {
			isa = XCSwiftPackageProductDependency;
			package = 374D9ADF2AA27B1C00A33BA8 /* XCRemoteSwiftPackageReference "firebase-ios-sdk" */;
			productName = "FirebaseAuthCombine-Community";
		};
		374D9AF02AA27B1C00A33BA8 /* FirebaseCrashlytics */ = {
			isa = XCSwiftPackageProductDependency;
			package = 374D9ADF2AA27B1C00A33BA8 /* XCRemoteSwiftPackageReference "firebase-ios-sdk" */;
			productName = FirebaseCrashlytics;
		};
		374D9AF22AA27B1C00A33BA8 /* FirebaseDatabase */ = {
			isa = XCSwiftPackageProductDependency;
			package = 374D9ADF2AA27B1C00A33BA8 /* XCRemoteSwiftPackageReference "firebase-ios-sdk" */;
			productName = FirebaseDatabase;
		};
		374D9AF42AA27B1C00A33BA8 /* FirebaseDatabaseSwift */ = {
			isa = XCSwiftPackageProductDependency;
			package = 374D9ADF2AA27B1C00A33BA8 /* XCRemoteSwiftPackageReference "firebase-ios-sdk" */;
			productName = FirebaseDatabaseSwift;
		};
		374D9AF62AA27B1C00A33BA8 /* FirebaseDynamicLinks */ = {
			isa = XCSwiftPackageProductDependency;
			package = 374D9ADF2AA27B1C00A33BA8 /* XCRemoteSwiftPackageReference "firebase-ios-sdk" */;
			productName = FirebaseDynamicLinks;
		};
		374D9AF82AA27B1C00A33BA8 /* FirebaseFirestore */ = {
			isa = XCSwiftPackageProductDependency;
			package = 374D9ADF2AA27B1C00A33BA8 /* XCRemoteSwiftPackageReference "firebase-ios-sdk" */;
			productName = FirebaseFirestore;
		};
		374D9AFA2AA27B1C00A33BA8 /* FirebaseFirestoreCombine-Community */ = {
			isa = XCSwiftPackageProductDependency;
			package = 374D9ADF2AA27B1C00A33BA8 /* XCRemoteSwiftPackageReference "firebase-ios-sdk" */;
			productName = "FirebaseFirestoreCombine-Community";
		};
		374D9AFC2AA27B1C00A33BA8 /* FirebaseFirestoreSwift */ = {
			isa = XCSwiftPackageProductDependency;
			package = 374D9ADF2AA27B1C00A33BA8 /* XCRemoteSwiftPackageReference "firebase-ios-sdk" */;
			productName = FirebaseFirestoreSwift;
		};
		374D9AFE2AA27B1C00A33BA8 /* FirebaseFunctions */ = {
			isa = XCSwiftPackageProductDependency;
			package = 374D9ADF2AA27B1C00A33BA8 /* XCRemoteSwiftPackageReference "firebase-ios-sdk" */;
			productName = FirebaseFunctions;
		};
		374D9B002AA27B1C00A33BA8 /* FirebaseFunctionsCombine-Community */ = {
			isa = XCSwiftPackageProductDependency;
			package = 374D9ADF2AA27B1C00A33BA8 /* XCRemoteSwiftPackageReference "firebase-ios-sdk" */;
			productName = "FirebaseFunctionsCombine-Community";
		};
		374D9B022AA27B1C00A33BA8 /* FirebaseInAppMessaging-Beta */ = {
			isa = XCSwiftPackageProductDependency;
			package = 374D9ADF2AA27B1C00A33BA8 /* XCRemoteSwiftPackageReference "firebase-ios-sdk" */;
			productName = "FirebaseInAppMessaging-Beta";
		};
		374D9B042AA27B1C00A33BA8 /* FirebaseInAppMessagingSwift-Beta */ = {
			isa = XCSwiftPackageProductDependency;
			package = 374D9ADF2AA27B1C00A33BA8 /* XCRemoteSwiftPackageReference "firebase-ios-sdk" */;
			productName = "FirebaseInAppMessagingSwift-Beta";
		};
		374D9B062AA27B1C00A33BA8 /* FirebaseInstallations */ = {
			isa = XCSwiftPackageProductDependency;
			package = 374D9ADF2AA27B1C00A33BA8 /* XCRemoteSwiftPackageReference "firebase-ios-sdk" */;
			productName = FirebaseInstallations;
		};
		374D9B082AA27B1C00A33BA8 /* FirebaseMLModelDownloader */ = {
			isa = XCSwiftPackageProductDependency;
			package = 374D9ADF2AA27B1C00A33BA8 /* XCRemoteSwiftPackageReference "firebase-ios-sdk" */;
			productName = FirebaseMLModelDownloader;
		};
		374D9B0A2AA27B1C00A33BA8 /* FirebaseMessaging */ = {
			isa = XCSwiftPackageProductDependency;
			package = 374D9ADF2AA27B1C00A33BA8 /* XCRemoteSwiftPackageReference "firebase-ios-sdk" */;
			productName = FirebaseMessaging;
		};
		374D9B0C2AA27B1C00A33BA8 /* FirebasePerformance */ = {
			isa = XCSwiftPackageProductDependency;
			package = 374D9ADF2AA27B1C00A33BA8 /* XCRemoteSwiftPackageReference "firebase-ios-sdk" */;
			productName = FirebasePerformance;
		};
		374D9B0E2AA27B1C00A33BA8 /* FirebaseRemoteConfig */ = {
			isa = XCSwiftPackageProductDependency;
			package = 374D9ADF2AA27B1C00A33BA8 /* XCRemoteSwiftPackageReference "firebase-ios-sdk" */;
			productName = FirebaseRemoteConfig;
		};
		374D9B102AA27B1C00A33BA8 /* FirebaseRemoteConfigSwift */ = {
			isa = XCSwiftPackageProductDependency;
			package = 374D9ADF2AA27B1C00A33BA8 /* XCRemoteSwiftPackageReference "firebase-ios-sdk" */;
			productName = FirebaseRemoteConfigSwift;
		};
		374D9B122AA27B1C00A33BA8 /* FirebaseStorage */ = {
			isa = XCSwiftPackageProductDependency;
			package = 374D9ADF2AA27B1C00A33BA8 /* XCRemoteSwiftPackageReference "firebase-ios-sdk" */;
			productName = FirebaseStorage;
		};
		374D9B142AA27B1C00A33BA8 /* FirebaseStorageCombine-Community */ = {
			isa = XCSwiftPackageProductDependency;
			package = 374D9ADF2AA27B1C00A33BA8 /* XCRemoteSwiftPackageReference "firebase-ios-sdk" */;
			productName = "FirebaseStorageCombine-Community";
		};
/* End XCSwiftPackageProductDependency section */
	};
	rootObject = 374D9ABB2AA1A06B00A33BA8 /* Project object */;
}
